// !$*UTF8*$!
{
	archiveVersion = 1;
	classes = {
	};
	objectVersion = 50;
	objects = {

/* Begin PBXBuildFile section */
		53152084222CA838003EE954 /* TopMenuScrollView.swift in Sources */ = {isa = PBXBuildFile; fileRef = 53152083222CA838003EE954 /* TopMenuScrollView.swift */; };
		5345777F222F46910055F317 /* CategoryPageController.swift in Sources */ = {isa = PBXBuildFile; fileRef = 5345777D222F46910055F317 /* CategoryPageController.swift */; };
		53457780222F46910055F317 /* CategoryPageController.xib in Resources */ = {isa = PBXBuildFile; fileRef = 5345777E222F46910055F317 /* CategoryPageController.xib */; };
		53C6CC2C221E2156005A54DA /* AppDelegate.swift in Sources */ = {isa = PBXBuildFile; fileRef = 53C6CC2B221E2156005A54DA /* AppDelegate.swift */; };
		53C6CC2E221E2156005A54DA /* ViewController.swift in Sources */ = {isa = PBXBuildFile; fileRef = 53C6CC2D221E2156005A54DA /* ViewController.swift */; };
		53C6CC33221E2158005A54DA /* Assets.xcassets in Resources */ = {isa = PBXBuildFile; fileRef = 53C6CC32221E2158005A54DA /* Assets.xcassets */; };
		53C6CC36221E2158005A54DA /* LaunchScreen.storyboard in Resources */ = {isa = PBXBuildFile; fileRef = 53C6CC34221E2158005A54DA /* LaunchScreen.storyboard */; };
		53C6CC41221E2158005A54DA /* gank_swiftTests.swift in Sources */ = {isa = PBXBuildFile; fileRef = 53C6CC40221E2158005A54DA /* gank_swiftTests.swift */; };
		53C6CC4C221E2158005A54DA /* gank_swiftUITests.swift in Sources */ = {isa = PBXBuildFile; fileRef = 53C6CC4B221E2158005A54DA /* gank_swiftUITests.swift */; };
		53C6CC60221E2982005A54DA /* CategoryViewController.swift in Sources */ = {isa = PBXBuildFile; fileRef = 53C6CC5E221E2982005A54DA /* CategoryViewController.swift */; };
		53C6CC61221E2982005A54DA /* CategoryViewController.xib in Resources */ = {isa = PBXBuildFile; fileRef = 53C6CC5F221E2982005A54DA /* CategoryViewController.xib */; };
		53C6CC64221E2999005A54DA /* NewViewController.swift in Sources */ = {isa = PBXBuildFile; fileRef = 53C6CC62221E2999005A54DA /* NewViewController.swift */; };
		53C6CC65221E2999005A54DA /* NewViewController.xib in Resources */ = {isa = PBXBuildFile; fileRef = 53C6CC63221E2999005A54DA /* NewViewController.xib */; };
		53C6CC68221E29CE005A54DA /* MIneViewController.swift in Sources */ = {isa = PBXBuildFile; fileRef = 53C6CC66221E29CE005A54DA /* MIneViewController.swift */; };
		53C6CC69221E29CE005A54DA /* MIneViewController.xib in Resources */ = {isa = PBXBuildFile; fileRef = 53C6CC67221E29CE005A54DA /* MIneViewController.xib */; };
		53EB883822236C7E0088777B /* NewTableViewCell.swift in Sources */ = {isa = PBXBuildFile; fileRef = 53EB883622236C7E0088777B /* NewTableViewCell.swift */; };
		53EB883922236C7E0088777B /* NewTableViewCell.xib in Resources */ = {isa = PBXBuildFile; fileRef = 53EB883722236C7E0088777B /* NewTableViewCell.xib */; };
		53F07A8622275DF300ED848D /* WebViewController.swift in Sources */ = {isa = PBXBuildFile; fileRef = 53F07A8422275DF300ED848D /* WebViewController.swift */; };
		53F07A8722275DF300ED848D /* WebViewController.xib in Resources */ = {isa = PBXBuildFile; fileRef = 53F07A8522275DF300ED848D /* WebViewController.xib */; };
		53F07A8B2228B6DD00ED848D /* DatePickerViewController.swift in Sources */ = {isa = PBXBuildFile; fileRef = 53F07A892228B6DD00ED848D /* DatePickerViewController.swift */; };
		53F07A8C2228B6DD00ED848D /* DatePickerViewController.xib in Resources */ = {isa = PBXBuildFile; fileRef = 53F07A8A2228B6DD00ED848D /* DatePickerViewController.xib */; };
		98837500F146A188E5CDBCF0 /* Pods_gank_swift.framework in Frameworks */ = {isa = PBXBuildFile; fileRef = D41BA3196AA9259043127BCE /* Pods_gank_swift.framework */; };
/* End PBXBuildFile section */

/* Begin PBXContainerItemProxy section */
		53C6CC3D221E2158005A54DA /* PBXContainerItemProxy */ = {
			isa = PBXContainerItemProxy;
			containerPortal = 53C6CC20221E2156005A54DA /* Project object */;
			proxyType = 1;
			remoteGlobalIDString = 53C6CC27221E2156005A54DA;
			remoteInfo = gank_swift;
		};
		53C6CC48221E2158005A54DA /* PBXContainerItemProxy */ = {
			isa = PBXContainerItemProxy;
			containerPortal = 53C6CC20221E2156005A54DA /* Project object */;
			proxyType = 1;
			remoteGlobalIDString = 53C6CC27221E2156005A54DA;
			remoteInfo = gank_swift;
		};
/* End PBXContainerItemProxy section */

/* Begin PBXFileReference section */
		53152083222CA838003EE954 /* TopMenuScrollView.swift */ = {isa = PBXFileReference; lastKnownFileType = sourcecode.swift; path = TopMenuScrollView.swift; sourceTree = "<group>"; };
		5345777D222F46910055F317 /* CategoryPageController.swift */ = {isa = PBXFileReference; lastKnownFileType = sourcecode.swift; path = CategoryPageController.swift; sourceTree = "<group>"; };
		5345777E222F46910055F317 /* CategoryPageController.xib */ = {isa = PBXFileReference; lastKnownFileType = file.xib; path = CategoryPageController.xib; sourceTree = "<group>"; };
		53C6CC28221E2156005A54DA /* gank_swift.app */ = {isa = PBXFileReference; explicitFileType = wrapper.application; includeInIndex = 0; path = gank_swift.app; sourceTree = BUILT_PRODUCTS_DIR; };
		53C6CC2B221E2156005A54DA /* AppDelegate.swift */ = {isa = PBXFileReference; lastKnownFileType = sourcecode.swift; path = AppDelegate.swift; sourceTree = "<group>"; };
		53C6CC2D221E2156005A54DA /* ViewController.swift */ = {isa = PBXFileReference; lastKnownFileType = sourcecode.swift; path = ViewController.swift; sourceTree = "<group>"; };
		53C6CC32221E2158005A54DA /* Assets.xcassets */ = {isa = PBXFileReference; lastKnownFileType = folder.assetcatalog; path = Assets.xcassets; sourceTree = "<group>"; };
		53C6CC35221E2158005A54DA /* Base */ = {isa = PBXFileReference; lastKnownFileType = file.storyboard; name = Base; path = Base.lproj/LaunchScreen.storyboard; sourceTree = "<group>"; };
		53C6CC37221E2158005A54DA /* Info.plist */ = {isa = PBXFileReference; lastKnownFileType = text.plist.xml; path = Info.plist; sourceTree = "<group>"; };
		53C6CC3C221E2158005A54DA /* gank_swiftTests.xctest */ = {isa = PBXFileReference; explicitFileType = wrapper.cfbundle; includeInIndex = 0; path = gank_swiftTests.xctest; sourceTree = BUILT_PRODUCTS_DIR; };
		53C6CC40221E2158005A54DA /* gank_swiftTests.swift */ = {isa = PBXFileReference; lastKnownFileType = sourcecode.swift; path = gank_swiftTests.swift; sourceTree = "<group>"; };
		53C6CC42221E2158005A54DA /* Info.plist */ = {isa = PBXFileReference; lastKnownFileType = text.plist.xml; path = Info.plist; sourceTree = "<group>"; };
		53C6CC47221E2158005A54DA /* gank_swiftUITests.xctest */ = {isa = PBXFileReference; explicitFileType = wrapper.cfbundle; includeInIndex = 0; path = gank_swiftUITests.xctest; sourceTree = BUILT_PRODUCTS_DIR; };
		53C6CC4B221E2158005A54DA /* gank_swiftUITests.swift */ = {isa = PBXFileReference; lastKnownFileType = sourcecode.swift; path = gank_swiftUITests.swift; sourceTree = "<group>"; };
		53C6CC4D221E2158005A54DA /* Info.plist */ = {isa = PBXFileReference; lastKnownFileType = text.plist.xml; path = Info.plist; sourceTree = "<group>"; };
		53C6CC5E221E2982005A54DA /* CategoryViewController.swift */ = {isa = PBXFileReference; lastKnownFileType = sourcecode.swift; path = CategoryViewController.swift; sourceTree = "<group>"; };
		53C6CC5F221E2982005A54DA /* CategoryViewController.xib */ = {isa = PBXFileReference; lastKnownFileType = file.xib; path = CategoryViewController.xib; sourceTree = "<group>"; };
		53C6CC62221E2999005A54DA /* NewViewController.swift */ = {isa = PBXFileReference; lastKnownFileType = sourcecode.swift; path = NewViewController.swift; sourceTree = "<group>"; };
		53C6CC63221E2999005A54DA /* NewViewController.xib */ = {isa = PBXFileReference; lastKnownFileType = file.xib; path = NewViewController.xib; sourceTree = "<group>"; };
		53C6CC66221E29CE005A54DA /* MIneViewController.swift */ = {isa = PBXFileReference; lastKnownFileType = sourcecode.swift; path = MIneViewController.swift; sourceTree = "<group>"; };
		53C6CC67221E29CE005A54DA /* MIneViewController.xib */ = {isa = PBXFileReference; lastKnownFileType = file.xib; path = MIneViewController.xib; sourceTree = "<group>"; };
		53EB883622236C7E0088777B /* NewTableViewCell.swift */ = {isa = PBXFileReference; lastKnownFileType = sourcecode.swift; path = NewTableViewCell.swift; sourceTree = "<group>"; };
		53EB883722236C7E0088777B /* NewTableViewCell.xib */ = {isa = PBXFileReference; lastKnownFileType = file.xib; path = NewTableViewCell.xib; sourceTree = "<group>"; };
		53F07A8422275DF300ED848D /* WebViewController.swift */ = {isa = PBXFileReference; lastKnownFileType = sourcecode.swift; path = WebViewController.swift; sourceTree = "<group>"; };
		53F07A8522275DF300ED848D /* WebViewController.xib */ = {isa = PBXFileReference; lastKnownFileType = file.xib; path = WebViewController.xib; sourceTree = "<group>"; };
		53F07A892228B6DD00ED848D /* DatePickerViewController.swift */ = {isa = PBXFileReference; lastKnownFileType = sourcecode.swift; path = DatePickerViewController.swift; sourceTree = "<group>"; };
		53F07A8A2228B6DD00ED848D /* DatePickerViewController.xib */ = {isa = PBXFileReference; lastKnownFileType = file.xib; path = DatePickerViewController.xib; sourceTree = "<group>"; };
		BAECF8C76213047F23DAFCCB /* Pods-gank_swift.release.xcconfig */ = {isa = PBXFileReference; includeInIndex = 1; lastKnownFileType = text.xcconfig; name = "Pods-gank_swift.release.xcconfig"; path = "Target Support Files/Pods-gank_swift/Pods-gank_swift.release.xcconfig"; sourceTree = "<group>"; };
		BC106FB90BC2892ABC4D8DF7 /* Pods-gank_swift.debug.xcconfig */ = {isa = PBXFileReference; includeInIndex = 1; lastKnownFileType = text.xcconfig; name = "Pods-gank_swift.debug.xcconfig"; path = "Target Support Files/Pods-gank_swift/Pods-gank_swift.debug.xcconfig"; sourceTree = "<group>"; };
		D41BA3196AA9259043127BCE /* Pods_gank_swift.framework */ = {isa = PBXFileReference; explicitFileType = wrapper.framework; includeInIndex = 0; path = Pods_gank_swift.framework; sourceTree = BUILT_PRODUCTS_DIR; };
/* End PBXFileReference section */

/* Begin PBXFrameworksBuildPhase section */
		53C6CC25221E2156005A54DA /* Frameworks */ = {
			isa = PBXFrameworksBuildPhase;
			buildActionMask = 2147483647;
			files = (
				98837500F146A188E5CDBCF0 /* Pods_gank_swift.framework in Frameworks */,
			);
			runOnlyForDeploymentPostprocessing = 0;
		};
		53C6CC39221E2158005A54DA /* Frameworks */ = {
			isa = PBXFrameworksBuildPhase;
			buildActionMask = 2147483647;
			files = (
			);
			runOnlyForDeploymentPostprocessing = 0;
		};
		53C6CC44221E2158005A54DA /* Frameworks */ = {
			isa = PBXFrameworksBuildPhase;
			buildActionMask = 2147483647;
			files = (
			);
			runOnlyForDeploymentPostprocessing = 0;
		};
/* End PBXFrameworksBuildPhase section */

/* Begin PBXGroup section */
		53C6CC1F221E2156005A54DA = {
			isa = PBXGroup;
			children = (
				53C6CC2A221E2156005A54DA /* gank_swift */,
				53C6CC3F221E2158005A54DA /* gank_swiftTests */,
				53C6CC4A221E2158005A54DA /* gank_swiftUITests */,
				53C6CC29221E2156005A54DA /* Products */,
				B1DBAA2242E0A88DBCBC96E5 /* Pods */,
				550AA7F4ED64A142ABE0D6AE /* Frameworks */,
			);
			sourceTree = "<group>";
		};
		53C6CC29221E2156005A54DA /* Products */ = {
			isa = PBXGroup;
			children = (
				53C6CC28221E2156005A54DA /* gank_swift.app */,
				53C6CC3C221E2158005A54DA /* gank_swiftTests.xctest */,
				53C6CC47221E2158005A54DA /* gank_swiftUITests.xctest */,
			);
			name = Products;
			sourceTree = "<group>";
		};
		53C6CC2A221E2156005A54DA /* gank_swift */ = {
			isa = PBXGroup;
			children = (
				53C6CC2B221E2156005A54DA /* AppDelegate.swift */,
				53C6CC2D221E2156005A54DA /* ViewController.swift */,
				53F07A882228B6C000ED848D /* Date */,
				53C6CC59221E28FB005A54DA /* New */,
				53C6CC5A221E2903005A54DA /* Category */,
				53C6CC5B221E2911005A54DA /* Mine */,
				53F07A8322275DCA00ED848D /* Web */,
				53C6CC32221E2158005A54DA /* Assets.xcassets */,
				53C6CC34221E2158005A54DA /* LaunchScreen.storyboard */,
				53C6CC37221E2158005A54DA /* Info.plist */,
			);
			path = gank_swift;
			sourceTree = "<group>";
		};
		53C6CC3F221E2158005A54DA /* gank_swiftTests */ = {
			isa = PBXGroup;
			children = (
				53C6CC40221E2158005A54DA /* gank_swiftTests.swift */,
				53C6CC42221E2158005A54DA /* Info.plist */,
			);
			path = gank_swiftTests;
			sourceTree = "<group>";
		};
		53C6CC4A221E2158005A54DA /* gank_swiftUITests */ = {
			isa = PBXGroup;
			children = (
				53C6CC4B221E2158005A54DA /* gank_swiftUITests.swift */,
				53C6CC4D221E2158005A54DA /* Info.plist */,
			);
			path = gank_swiftUITests;
			sourceTree = "<group>";
		};
		53C6CC59221E28FB005A54DA /* New */ = {
			isa = PBXGroup;
			children = (
				53C6CC62221E2999005A54DA /* NewViewController.swift */,
				53C6CC63221E2999005A54DA /* NewViewController.xib */,
				53EB883622236C7E0088777B /* NewTableViewCell.swift */,
				53EB883722236C7E0088777B /* NewTableViewCell.xib */,
			);
			path = New;
			sourceTree = "<group>";
		};
		53C6CC5A221E2903005A54DA /* Category */ = {
			isa = PBXGroup;
			children = (
				53C6CC5E221E2982005A54DA /* CategoryViewController.swift */,
				53C6CC5F221E2982005A54DA /* CategoryViewController.xib */,
				5345777D222F46910055F317 /* CategoryPageController.swift */,
				5345777E222F46910055F317 /* CategoryPageController.xib */,
				53152083222CA838003EE954 /* TopMenuScrollView.swift */,
			);
			path = Category;
			sourceTree = "<group>";
		};
		53C6CC5B221E2911005A54DA /* Mine */ = {
			isa = PBXGroup;
			children = (
				53C6CC66221E29CE005A54DA /* MIneViewController.swift */,
				53C6CC67221E29CE005A54DA /* MIneViewController.xib */,
			);
			path = Mine;
			sourceTree = "<group>";
		};
		53F07A8322275DCA00ED848D /* Web */ = {
			isa = PBXGroup;
			children = (
				53F07A8422275DF300ED848D /* WebViewController.swift */,
				53F07A8522275DF300ED848D /* WebViewController.xib */,
			);
			path = Web;
			sourceTree = "<group>";
		};
		53F07A882228B6C000ED848D /* Date */ = {
			isa = PBXGroup;
			children = (
				53F07A892228B6DD00ED848D /* DatePickerViewController.swift */,
				53F07A8A2228B6DD00ED848D /* DatePickerViewController.xib */,
			);
			path = Date;
			sourceTree = "<group>";
		};
		550AA7F4ED64A142ABE0D6AE /* Frameworks */ = {
			isa = PBXGroup;
			children = (
				D41BA3196AA9259043127BCE /* Pods_gank_swift.framework */,
			);
			name = Frameworks;
			sourceTree = "<group>";
		};
		B1DBAA2242E0A88DBCBC96E5 /* Pods */ = {
			isa = PBXGroup;
			children = (
				BC106FB90BC2892ABC4D8DF7 /* Pods-gank_swift.debug.xcconfig */,
				BAECF8C76213047F23DAFCCB /* Pods-gank_swift.release.xcconfig */,
			);
			path = Pods;
			sourceTree = "<group>";
		};
/* End PBXGroup section */

/* Begin PBXNativeTarget section */
		53C6CC27221E2156005A54DA /* gank_swift */ = {
			isa = PBXNativeTarget;
			buildConfigurationList = 53C6CC50221E2158005A54DA /* Build configuration list for PBXNativeTarget "gank_swift" */;
			buildPhases = (
				95C898BDA26486D0887EC84B /* [CP] Check Pods Manifest.lock */,
				53C6CC24221E2156005A54DA /* Sources */,
				53C6CC25221E2156005A54DA /* Frameworks */,
				53C6CC26221E2156005A54DA /* Resources */,
				676913782D26E2CD5AD7BF32 /* [CP] Embed Pods Frameworks */,
			);
			buildRules = (
			);
			dependencies = (
			);
			name = gank_swift;
			productName = gank_swift;
			productReference = 53C6CC28221E2156005A54DA /* gank_swift.app */;
			productType = "com.apple.product-type.application";
		};
		53C6CC3B221E2158005A54DA /* gank_swiftTests */ = {
			isa = PBXNativeTarget;
			buildConfigurationList = 53C6CC53221E2158005A54DA /* Build configuration list for PBXNativeTarget "gank_swiftTests" */;
			buildPhases = (
				53C6CC38221E2158005A54DA /* Sources */,
				53C6CC39221E2158005A54DA /* Frameworks */,
				53C6CC3A221E2158005A54DA /* Resources */,
			);
			buildRules = (
			);
			dependencies = (
				53C6CC3E221E2158005A54DA /* PBXTargetDependency */,
			);
			name = gank_swiftTests;
			productName = gank_swiftTests;
			productReference = 53C6CC3C221E2158005A54DA /* gank_swiftTests.xctest */;
			productType = "com.apple.product-type.bundle.unit-test";
		};
		53C6CC46221E2158005A54DA /* gank_swiftUITests */ = {
			isa = PBXNativeTarget;
			buildConfigurationList = 53C6CC56221E2158005A54DA /* Build configuration list for PBXNativeTarget "gank_swiftUITests" */;
			buildPhases = (
				53C6CC43221E2158005A54DA /* Sources */,
				53C6CC44221E2158005A54DA /* Frameworks */,
				53C6CC45221E2158005A54DA /* Resources */,
			);
			buildRules = (
			);
			dependencies = (
				53C6CC49221E2158005A54DA /* PBXTargetDependency */,
			);
			name = gank_swiftUITests;
			productName = gank_swiftUITests;
			productReference = 53C6CC47221E2158005A54DA /* gank_swiftUITests.xctest */;
			productType = "com.apple.product-type.bundle.ui-testing";
		};
/* End PBXNativeTarget section */

/* Begin PBXProject section */
		53C6CC20221E2156005A54DA /* Project object */ = {
			isa = PBXProject;
			attributes = {
				LastSwiftUpdateCheck = 1010;
				LastUpgradeCheck = 1010;
				ORGANIZATIONNAME = keith;
				TargetAttributes = {
					53C6CC27221E2156005A54DA = {
						CreatedOnToolsVersion = 10.1;
					};
					53C6CC3B221E2158005A54DA = {
						CreatedOnToolsVersion = 10.1;
						TestTargetID = 53C6CC27221E2156005A54DA;
					};
					53C6CC46221E2158005A54DA = {
						CreatedOnToolsVersion = 10.1;
						TestTargetID = 53C6CC27221E2156005A54DA;
					};
				};
			};
			buildConfigurationList = 53C6CC23221E2156005A54DA /* Build configuration list for PBXProject "gank_swift" */;
			compatibilityVersion = "Xcode 9.3";
			developmentRegion = en;
			hasScannedForEncodings = 0;
			knownRegions = (
				en,
				Base,
			);
			mainGroup = 53C6CC1F221E2156005A54DA;
			productRefGroup = 53C6CC29221E2156005A54DA /* Products */;
			projectDirPath = "";
			projectRoot = "";
			targets = (
				53C6CC27221E2156005A54DA /* gank_swift */,
				53C6CC3B221E2158005A54DA /* gank_swiftTests */,
				53C6CC46221E2158005A54DA /* gank_swiftUITests */,
			);
		};
/* End PBXProject section */

/* Begin PBXResourcesBuildPhase section */
		53C6CC26221E2156005A54DA /* Resources */ = {
			isa = PBXResourcesBuildPhase;
			buildActionMask = 2147483647;
			files = (
				53F07A8C2228B6DD00ED848D /* DatePickerViewController.xib in Resources */,
				53C6CC69221E29CE005A54DA /* MIneViewController.xib in Resources */,
				53C6CC36221E2158005A54DA /* LaunchScreen.storyboard in Resources */,
				53F07A8722275DF300ED848D /* WebViewController.xib in Resources */,
				53EB883922236C7E0088777B /* NewTableViewCell.xib in Resources */,
				53457780222F46910055F317 /* CategoryPageController.xib in Resources */,
				53C6CC33221E2158005A54DA /* Assets.xcassets in Resources */,
				53C6CC61221E2982005A54DA /* CategoryViewController.xib in Resources */,
				53C6CC65221E2999005A54DA /* NewViewController.xib in Resources */,
			);
			runOnlyForDeploymentPostprocessing = 0;
		};
		53C6CC3A221E2158005A54DA /* Resources */ = {
			isa = PBXResourcesBuildPhase;
			buildActionMask = 2147483647;
			files = (
			);
			runOnlyForDeploymentPostprocessing = 0;
		};
		53C6CC45221E2158005A54DA /* Resources */ = {
			isa = PBXResourcesBuildPhase;
			buildActionMask = 2147483647;
			files = (
			);
			runOnlyForDeploymentPostprocessing = 0;
		};
/* End PBXResourcesBuildPhase section */

/* Begin PBXShellScriptBuildPhase section */
		676913782D26E2CD5AD7BF32 /* [CP] Embed Pods Frameworks */ = {
			isa = PBXShellScriptBuildPhase;
			buildActionMask = 2147483647;
			files = (
			);
			inputFileListPaths = (
			);
			inputPaths = (
				"${PODS_ROOT}/Target Support Files/Pods-gank_swift/Pods-gank_swift-frameworks.sh",
				"${BUILT_PRODUCTS_DIR}/Alamofire/Alamofire.framework",
				"${BUILT_PRODUCTS_DIR}/SwiftyJSON/SwiftyJSON.framework",
			);
			name = "[CP] Embed Pods Frameworks";
			outputFileListPaths = (
			);
			outputPaths = (
				"${TARGET_BUILD_DIR}/${FRAMEWORKS_FOLDER_PATH}/Alamofire.framework",
				"${TARGET_BUILD_DIR}/${FRAMEWORKS_FOLDER_PATH}/SwiftyJSON.framework",
			);
			runOnlyForDeploymentPostprocessing = 0;
			shellPath = /bin/sh;
			shellScript = "\"${PODS_ROOT}/Target Support Files/Pods-gank_swift/Pods-gank_swift-frameworks.sh\"\n";
			showEnvVarsInLog = 0;
		};
		95C898BDA26486D0887EC84B /* [CP] Check Pods Manifest.lock */ = {
			isa = PBXShellScriptBuildPhase;
			buildActionMask = 2147483647;
			files = (
			);
			inputFileListPaths = (
			);
			inputPaths = (
				"${PODS_PODFILE_DIR_PATH}/Podfile.lock",
				"${PODS_ROOT}/Manifest.lock",
			);
			name = "[CP] Check Pods Manifest.lock";
			outputFileListPaths = (
			);
			outputPaths = (
				"$(DERIVED_FILE_DIR)/Pods-gank_swift-checkManifestLockResult.txt",
			);
			runOnlyForDeploymentPostprocessing = 0;
			shellPath = /bin/sh;
			shellScript = "diff \"${PODS_PODFILE_DIR_PATH}/Podfile.lock\" \"${PODS_ROOT}/Manifest.lock\" > /dev/null\nif [ $? != 0 ] ; then\n    # print error to STDERR\n    echo \"error: The sandbox is not in sync with the Podfile.lock. Run 'pod install' or update your CocoaPods installation.\" >&2\n    exit 1\nfi\n# This output is used by Xcode 'outputs' to avoid re-running this script phase.\necho \"SUCCESS\" > \"${SCRIPT_OUTPUT_FILE_0}\"\n";
			showEnvVarsInLog = 0;
		};
/* End PBXShellScriptBuildPhase section */

/* Begin PBXSourcesBuildPhase section */
		53C6CC24221E2156005A54DA /* Sources */ = {
			isa = PBXSourcesBuildPhase;
			buildActionMask = 2147483647;
			files = (
				53152084222CA838003EE954 /* TopMenuScrollView.swift in Sources */,
				53EB883822236C7E0088777B /* NewTableViewCell.swift in Sources */,
				53C6CC60221E2982005A54DA /* CategoryViewController.swift in Sources */,
				53C6CC2E221E2156005A54DA /* ViewController.swift in Sources */,
				53C6CC2C221E2156005A54DA /* AppDelegate.swift in Sources */,
				53F07A8B2228B6DD00ED848D /* DatePickerViewController.swift in Sources */,
				5345777F222F46910055F317 /* CategoryPageController.swift in Sources */,
				53F07A8622275DF300ED848D /* WebViewController.swift in Sources */,
				53C6CC64221E2999005A54DA /* NewViewController.swift in Sources */,
				53C6CC68221E29CE005A54DA /* MIneViewController.swift in Sources */,
			);
			runOnlyForDeploymentPostprocessing = 0;
		};
		53C6CC38221E2158005A54DA /* Sources */ = {
			isa = PBXSourcesBuildPhase;
			buildActionMask = 2147483647;
			files = (
				53C6CC41221E2158005A54DA /* gank_swiftTests.swift in Sources */,
			);
			runOnlyForDeploymentPostprocessing = 0;
		};
		53C6CC43221E2158005A54DA /* Sources */ = {
			isa = PBXSourcesBuildPhase;
			buildActionMask = 2147483647;
			files = (
				53C6CC4C221E2158005A54DA /* gank_swiftUITests.swift in Sources */,
			);
			runOnlyForDeploymentPostprocessing = 0;
		};
/* End PBXSourcesBuildPhase section */

/* Begin PBXTargetDependency section */
		53C6CC3E221E2158005A54DA /* PBXTargetDependency */ = {
			isa = PBXTargetDependency;
			target = 53C6CC27221E2156005A54DA /* gank_swift */;
			targetProxy = 53C6CC3D221E2158005A54DA /* PBXContainerItemProxy */;
		};
		53C6CC49221E2158005A54DA /* PBXTargetDependency */ = {
			isa = PBXTargetDependency;
			target = 53C6CC27221E2156005A54DA /* gank_swift */;
			targetProxy = 53C6CC48221E2158005A54DA /* PBXContainerItemProxy */;
		};
/* End PBXTargetDependency section */

/* Begin PBXVariantGroup section */
		53C6CC34221E2158005A54DA /* LaunchScreen.storyboard */ = {
			isa = PBXVariantGroup;
			children = (
				53C6CC35221E2158005A54DA /* Base */,
			);
			name = LaunchScreen.storyboard;
			sourceTree = "<group>";
		};
/* End PBXVariantGroup section */

/* Begin XCBuildConfiguration section */
		53C6CC4E221E2158005A54DA /* Debug */ = {
			isa = XCBuildConfiguration;
			buildSettings = {
				ALWAYS_SEARCH_USER_PATHS = NO;
				CLANG_ANALYZER_NONNULL = YES;
				CLANG_ANALYZER_NUMBER_OBJECT_CONVERSION = YES_AGGRESSIVE;
				CLANG_CXX_LANGUAGE_STANDARD = "gnu++14";
				CLANG_CXX_LIBRARY = "libc++";
				CLANG_ENABLE_MODULES = YES;
				CLANG_ENABLE_OBJC_ARC = YES;
				CLANG_ENABLE_OBJC_WEAK = YES;
				CLANG_WARN_BLOCK_CAPTURE_AUTORELEASING = YES;
				CLANG_WARN_BOOL_CONVERSION = YES;
				CLANG_WARN_COMMA = YES;
				CLANG_WARN_CONSTANT_CONVERSION = YES;
				CLANG_WARN_DEPRECATED_OBJC_IMPLEMENTATIONS = YES;
				CLANG_WARN_DIRECT_OBJC_ISA_USAGE = YES_ERROR;
				CLANG_WARN_DOCUMENTATION_COMMENTS = YES;
				CLANG_WARN_EMPTY_BODY = YES;
				CLANG_WARN_ENUM_CONVERSION = YES;
				CLANG_WARN_INFINITE_RECURSION = YES;
				CLANG_WARN_INT_CONVERSION = YES;
				CLANG_WARN_NON_LITERAL_NULL_CONVERSION = YES;
				CLANG_WARN_OBJC_IMPLICIT_RETAIN_SELF = YES;
				CLANG_WARN_OBJC_LITERAL_CONVERSION = YES;
				CLANG_WARN_OBJC_ROOT_CLASS = YES_ERROR;
				CLANG_WARN_RANGE_LOOP_ANALYSIS = YES;
				CLANG_WARN_STRICT_PROTOTYPES = YES;
				CLANG_WARN_SUSPICIOUS_MOVE = YES;
				CLANG_WARN_UNGUARDED_AVAILABILITY = YES_AGGRESSIVE;
				CLANG_WARN_UNREACHABLE_CODE = YES;
				CLANG_WARN__DUPLICATE_METHOD_MATCH = YES;
				CODE_SIGN_IDENTITY = "iPhone Developer";
				COPY_PHASE_STRIP = NO;
				DEBUG_INFORMATION_FORMAT = dwarf;
				ENABLE_STRICT_OBJC_MSGSEND = YES;
				ENABLE_TESTABILITY = YES;
				GCC_C_LANGUAGE_STANDARD = gnu11;
				GCC_DYNAMIC_NO_PIC = NO;
				GCC_NO_COMMON_BLOCKS = YES;
				GCC_OPTIMIZATION_LEVEL = 0;
				GCC_PREPROCESSOR_DEFINITIONS = (
					"DEBUG=1",
					"$(inherited)",
				);
				GCC_WARN_64_TO_32_BIT_CONVERSION = YES;
				GCC_WARN_ABOUT_RETURN_TYPE = YES_ERROR;
				GCC_WARN_UNDECLARED_SELECTOR = YES;
				GCC_WARN_UNINITIALIZED_AUTOS = YES_AGGRESSIVE;
				GCC_WARN_UNUSED_FUNCTION = YES;
				GCC_WARN_UNUSED_VARIABLE = YES;
				IPHONEOS_DEPLOYMENT_TARGET = 12.1;
				MTL_ENABLE_DEBUG_INFO = INCLUDE_SOURCE;
				MTL_FAST_MATH = YES;
				ONLY_ACTIVE_ARCH = YES;
				SDKROOT = iphoneos;
				SWIFT_ACTIVE_COMPILATION_CONDITIONS = DEBUG;
				SWIFT_OPTIMIZATION_LEVEL = "-Onone";
			};
			name = Debug;
		};
		53C6CC4F221E2158005A54DA /* Release */ = {
			isa = XCBuildConfiguration;
			buildSettings = {
				ALWAYS_SEARCH_USER_PATHS = NO;
				CLANG_ANALYZER_NONNULL = YES;
				CLANG_ANALYZER_NUMBER_OBJECT_CONVERSION = YES_AGGRESSIVE;
				CLANG_CXX_LANGUAGE_STANDARD = "gnu++14";
				CLANG_CXX_LIBRARY = "libc++";
				CLANG_ENABLE_MODULES = YES;
				CLANG_ENABLE_OBJC_ARC = YES;
				CLANG_ENABLE_OBJC_WEAK = YES;
				CLANG_WARN_BLOCK_CAPTURE_AUTORELEASING = YES;
				CLANG_WARN_BOOL_CONVERSION = YES;
				CLANG_WARN_COMMA = YES;
				CLANG_WARN_CONSTANT_CONVERSION = YES;
				CLANG_WARN_DEPRECATED_OBJC_IMPLEMENTATIONS = YES;
				CLANG_WARN_DIRECT_OBJC_ISA_USAGE = YES_ERROR;
				CLANG_WARN_DOCUMENTATION_COMMENTS = YES;
				CLANG_WARN_EMPTY_BODY = YES;
				CLANG_WARN_ENUM_CONVERSION = YES;
				CLANG_WARN_INFINITE_RECURSION = YES;
				CLANG_WARN_INT_CONVERSION = YES;
				CLANG_WARN_NON_LITERAL_NULL_CONVERSION = YES;
				CLANG_WARN_OBJC_IMPLICIT_RETAIN_SELF = YES;
				CLANG_WARN_OBJC_LITERAL_CONVERSION = YES;
				CLANG_WARN_OBJC_ROOT_CLASS = YES_ERROR;
				CLANG_WARN_RANGE_LOOP_ANALYSIS = YES;
				CLANG_WARN_STRICT_PROTOTYPES = YES;
				CLANG_WARN_SUSPICIOUS_MOVE = YES;
				CLANG_WARN_UNGUARDED_AVAILABILITY = YES_AGGRESSIVE;
				CLANG_WARN_UNREACHABLE_CODE = YES;
				CLANG_WARN__DUPLICATE_METHOD_MATCH = YES;
				CODE_SIGN_IDENTITY = "iPhone Developer";
				COPY_PHASE_STRIP = NO;
				DEBUG_INFORMATION_FORMAT = "dwarf-with-dsym";
				ENABLE_NS_ASSERTIONS = NO;
				ENABLE_STRICT_OBJC_MSGSEND = YES;
				GCC_C_LANGUAGE_STANDARD = gnu11;
				GCC_NO_COMMON_BLOCKS = YES;
				GCC_WARN_64_TO_32_BIT_CONVERSION = YES;
				GCC_WARN_ABOUT_RETURN_TYPE = YES_ERROR;
				GCC_WARN_UNDECLARED_SELECTOR = YES;
				GCC_WARN_UNINITIALIZED_AUTOS = YES_AGGRESSIVE;
				GCC_WARN_UNUSED_FUNCTION = YES;
				GCC_WARN_UNUSED_VARIABLE = YES;
				IPHONEOS_DEPLOYMENT_TARGET = 12.1;
				MTL_ENABLE_DEBUG_INFO = NO;
				MTL_FAST_MATH = YES;
				SDKROOT = iphoneos;
				SWIFT_COMPILATION_MODE = wholemodule;
				SWIFT_OPTIMIZATION_LEVEL = "-O";
				VALIDATE_PRODUCT = YES;
			};
			name = Release;
		};
		53C6CC51221E2158005A54DA /* Debug */ = {
			isa = XCBuildConfiguration;
			baseConfigurationReference = BC106FB90BC2892ABC4D8DF7 /* Pods-gank_swift.debug.xcconfig */;
			buildSettings = {
				ASSETCATALOG_COMPILER_APPICON_NAME = AppIcon;
				CODE_SIGN_STYLE = Automatic;
				DEVELOPMENT_TEAM = V43UX8WJSQ;
				INFOPLIST_FILE = gank_swift/Info.plist;
				LD_RUNPATH_SEARCH_PATHS = (
					"$(inherited)",
					"@executable_path/Frameworks",
				);
				PRODUCT_BUNDLE_IDENTIFIER = "cn.keith.gank-swift";
				PRODUCT_NAME = "$(TARGET_NAME)";
				SWIFT_VERSION = 4.2;
				TARGETED_DEVICE_FAMILY = "1,2";
			};
			name = Debug;
		};
		53C6CC52221E2158005A54DA /* Release */ = {
			isa = XCBuildConfiguration;
			baseConfigurationReference = BAECF8C76213047F23DAFCCB /* Pods-gank_swift.release.xcconfig */;
			buildSettings = {
				ASSETCATALOG_COMPILER_APPICON_NAME = AppIcon;
				CODE_SIGN_STYLE = Automatic;
				DEVELOPMENT_TEAM = V43UX8WJSQ;
				INFOPLIST_FILE = gank_swift/Info.plist;
				LD_RUNPATH_SEARCH_PATHS = (
					"$(inherited)",
					"@executable_path/Frameworks",
				);
				PRODUCT_BUNDLE_IDENTIFIER = "cn.keith.gank-swift";
				PRODUCT_NAME = "$(TARGET_NAME)";
				SWIFT_VERSION = 4.2;
				TARGETED_DEVICE_FAMILY = "1,2";
			};
			name = Release;
		};
		53C6CC54221E2158005A54DA /* Debug */ = {
			isa = XCBuildConfiguration;
			buildSettings = {
				ALWAYS_EMBED_SWIFT_STANDARD_LIBRARIES = YES;
				BUNDLE_LOADER = "$(TEST_HOST)";
				CODE_SIGN_STYLE = Automatic;
				DEVELOPMENT_TEAM = V43UX8WJSQ;
				INFOPLIST_FILE = gank_swiftTests/Info.plist;
				LD_RUNPATH_SEARCH_PATHS = (
					"$(inherited)",
					"@executable_path/Frameworks",
					"@loader_path/Frameworks",
				);
				PRODUCT_BUNDLE_IDENTIFIER = "cn.keith.gank-swiftTests";
				PRODUCT_NAME = "$(TARGET_NAME)";
				SWIFT_VERSION = 4.2;
				TARGETED_DEVICE_FAMILY = "1,2";
				TEST_HOST = "$(BUILT_PRODUCTS_DIR)/gank_swift.app/gank_swift";
			};
			name = Debug;
		};
		53C6CC55221E2158005A54DA /* Release */ = {
			isa = XCBuildConfiguration;
			buildSettings = {
				ALWAYS_EMBED_SWIFT_STANDARD_LIBRARIES = YES;
				BUNDLE_LOADER = "$(TEST_HOST)";
				CODE_SIGN_STYLE = Automatic;
				DEVELOPMENT_TEAM = V43UX8WJSQ;
				INFOPLIST_FILE = gank_swiftTests/Info.plist;
				LD_RUNPATH_SEARCH_PATHS = (
					"$(inherited)",
					"@executable_path/Frameworks",
					"@loader_path/Frameworks",
				);
				PRODUCT_BUNDLE_IDENTIFIER = "cn.keith.gank-swiftTests";
				PRODUCT_NAME = "$(TARGET_NAME)";
				SWIFT_VERSION = 4.2;
				TARGETED_DEVICE_FAMILY = "1,2";
				TEST_HOST = "$(BUILT_PRODUCTS_DIR)/gank_swift.app/gank_swift";
			};
			name = Release;
		};
		53C6CC57221E2158005A54DA /* Debug */ = {
			isa = XCBuildConfiguration;
			buildSettings = {
				ALWAYS_EMBED_SWIFT_STANDARD_LIBRARIES = YES;
				CODE_SIGN_STYLE = Automatic;
				DEVELOPMENT_TEAM = V43UX8WJSQ;
				INFOPLIST_FILE = gank_swiftUITests/Info.plist;
				LD_RUNPATH_SEARCH_PATHS = (
					"$(inherited)",
					"@executable_path/Frameworks",
					"@loader_path/Frameworks",
				);
				PRODUCT_BUNDLE_IDENTIFIER = "cn.keith.gank-swiftUITests";
				PRODUCT_NAME = "$(TARGET_NAME)";
				SWIFT_VERSION = 4.2;
				TARGETED_DEVICE_FAMILY = "1,2";
				TEST_TARGET_NAME = gank_swift;
			};
			name = Debug;
		};
		53C6CC58221E2158005A54DA /* Release */ = {
			isa = XCBuildConfiguration;
			buildSettings = {
				ALWAYS_EMBED_SWIFT_STANDARD_LIBRARIES = YES;
				CODE_SIGN_STYLE = Automatic;
				DEVELOPMENT_TEAM = V43UX8WJSQ;
				INFOPLIST_FILE = gank_swiftUITests/Info.plist;
				LD_RUNPATH_SEARCH_PATHS = (
					"$(inherited)",
					"@executable_path/Frameworks",
					"@loader_path/Frameworks",
				);
				PRODUCT_BUNDLE_IDENTIFIER = "cn.keith.gank-swiftUITests";
				PRODUCT_NAME = "$(TARGET_NAME)";
				SWIFT_VERSION = 4.2;
				TARGETED_DEVICE_FAMILY = "1,2";
				TEST_TARGET_NAME = gank_swift;
			};
			name = Release;
		};
/* End XCBuildConfiguration section */

/* Begin XCConfigurationList section */
		53C6CC23221E2156005A54DA /* Build configuration list for PBXProject "gank_swift" */ = {
			isa = XCConfigurationList;
			buildConfigurations = (
				53C6CC4E221E2158005A54DA /* Debug */,
				53C6CC4F221E2158005A54DA /* Release */,
			);
			defaultConfigurationIsVisible = 0;
			defaultConfigurationName = Release;
		};
		53C6CC50221E2158005A54DA /* Build configuration list for PBXNativeTarget "gank_swift" */ = {
			isa = XCConfigurationList;
			buildConfigurations = (
				53C6CC51221E2158005A54DA /* Debug */,
				53C6CC52221E2158005A54DA /* Release */,
			);
			defaultConfigurationIsVisible = 0;
			defaultConfigurationName = Release;
		};
		53C6CC53221E2158005A54DA /* Build configuration list for PBXNativeTarget "gank_swiftTests" */ = {
			isa = XCConfigurationList;
			buildConfigurations = (
				53C6CC54221E2158005A54DA /* Debug */,
				53C6CC55221E2158005A54DA /* Release */,
			);
			defaultConfigurationIsVisible = 0;
			defaultConfigurationName = Release;
		};
		53C6CC56221E2158005A54DA /* Build configuration list for PBXNativeTarget "gank_swiftUITests" */ = {
			isa = XCConfigurationList;
			buildConfigurations = (
				53C6CC57221E2158005A54DA /* Debug */,
				53C6CC58221E2158005A54DA /* Release */,
			);
			defaultConfigurationIsVisible = 0;
			defaultConfigurationName = Release;
		};
/* End XCConfigurationList section */
	};
	rootObject = 53C6CC20221E2156005A54DA /* Project object */;
}
